
Microsoft Visual Studio Solution File, Format Version 12.00
# Visual Studio 14
VisualStudioVersion = 14.0.25420.1
MinimumVisualStudioVersion = 10.0.40219.1
Project("{FAE04EC0-301F-11D3-BF4B-00C04F79EFBC}") = "Lars10.Core", "Lars10.Core\Lars10.Core.csproj", "{FF1E0C49-0585-41D7-8A85-656032BDC3DE}"
EndProject
Project("{FAE04EC0-301F-11D3-BF4B-00C04F79EFBC}") = "Lars10.ZipMgmt", "Lars10.ZipMgmt\Lars10.ZipMgmt.csproj", "{BB05A2AB-FA58-497F-AEFC-C4A9ADFD95C1}"
EndProject
Global
	GlobalSection(SolutionConfigurationPlatforms) = preSolution
		Debug|Any CPU = Debug|Any CPU
		Release|Any CPU = Release|Any CPU
	EndGlobalSection
	GlobalSection(ProjectConfigurationPlatforms) = postSolution
		{FF1E0C49-0585-41D7-8A85-656032BDC3DE}.Debug|Any CPU.ActiveCfg = Debug|Any CPU
		{FF1E0C49-0585-41D7-8A85-656032BDC3DE}.Debug|Any CPU.Build.0 = Debug|Any CPU
		{FF1E0C49-0585-41D7-8A85-656032BDC3DE}.Release|Any CPU.ActiveCfg = Release|Any CPU
		{FF1E0C49-0585-41D7-8A85-656032BDC3DE}.Release|Any CPU.Build.0 = Release|Any CPU
		{BB05A2AB-FA58-497F-AEFC-C4A9ADFD95C1}.Debug|Any CPU.ActiveCfg = Debug|Any CPU
		{BB05A2AB-FA58-497F-AEFC-C4A9ADFD95C1}.Debug|Any CPU.Build.0 = Debug|Any CPU
		{BB05A2AB-FA58-497F-AEFC-C4A9ADFD95C1}.Release|Any CPU.ActiveCfg = Release|Any CPU
		{BB05A2AB-FA58-497F-AEFC-C4A9ADFD95C1}.Release|Any CPU.Build.0 = Release|Any CPU
	EndGlobalSection
	GlobalSection(SolutionProperties) = preSolution
		HideSolutionNode = FALSE
	EndGlobalSection
EndGlobal
